// !$*UTF8*$!
{
	archiveVersion = 1;
	classes = {
	};
	objectVersion = 77;
	objects = {

/* Begin PBXBuildFile section */
		B49D19E22E3996EA00841A32 /* Descriptions.swift in Sources */ = {isa = PBXBuildFile; fileRef = B49D19E12E3996E800841A32 /* Descriptions.swift */; };
		B49D3F912E3977F500AB56D0 /* Coordinator + Query.swift in Sources */ = {isa = PBXBuildFile; fileRef = B49D3F902E3977F100AB56D0 /* Coordinator + Query.swift */; };
		B4A48C332D8D83E1008484E2 /* Tabular in Frameworks */ = {isa = PBXBuildFile; productRef = B4A48C322D8D83E1008484E2 /* Tabular */; };
		B4A48C462D8E0E13008484E2 /* ContentView.swift in Sources */ = {isa = PBXBuildFile; fileRef = B4A48C3E2D8E0E13008484E2 /* ContentView.swift */; };
		B4A48C472D8E0E13008484E2 /* Coordinator.swift in Sources */ = {isa = PBXBuildFile; fileRef = B4A48C3F2D8E0E13008484E2 /* Coordinator.swift */; };
		B4A48C482D8E0E13008484E2 /* App.swift in Sources */ = {isa = PBXBuildFile; fileRef = B4A48C412D8E0E13008484E2 /* App.swift */; };
		B4A48C542D8E0E74008484E2 /* Preview Assets.xcassets in Resources */ = {isa = PBXBuildFile; fileRef = B4A48C4F2D8E0E74008484E2 /* Preview Assets.xcassets */; };
		B4A48C552D8E0E74008484E2 /* Assets.xcassets in Resources */ = {isa = PBXBuildFile; fileRef = B4A48C512D8E0E74008484E2 /* Assets.xcassets */; };
/* End PBXBuildFile section */

/* Begin PBXFileReference section */
		B49D19E12E3996E800841A32 /* Descriptions.swift */ = {isa = PBXFileReference; lastKnownFileType = sourcecode.swift; path = Descriptions.swift; sourceTree = "<group>"; };
		B49D3F902E3977F100AB56D0 /* Coordinator + Query.swift */ = {isa = PBXFileReference; lastKnownFileType = sourcecode.swift; path = "Coordinator + Query.swift"; sourceTree = "<group>"; };
		B4A48C202D8D8394008484E2 /* ECGExport.app */ = {isa = PBXFileReference; explicitFileType = wrapper.application; includeInIndex = 0; path = ECGExport.app; sourceTree = BUILT_PRODUCTS_DIR; };
		B4A48C3E2D8E0E13008484E2 /* ContentView.swift */ = {isa = PBXFileReference; lastKnownFileType = sourcecode.swift; path = ContentView.swift; sourceTree = "<group>"; };
		B4A48C3F2D8E0E13008484E2 /* Coordinator.swift */ = {isa = PBXFileReference; lastKnownFileType = sourcecode.swift; path = Coordinator.swift; sourceTree = "<group>"; };
		B4A48C412D8E0E13008484E2 /* App.swift */ = {isa = PBXFileReference; lastKnownFileType = sourcecode.swift; path = App.swift; sourceTree = "<group>"; };
		B4A48C4F2D8E0E74008484E2 /* Preview Assets.xcassets */ = {isa = PBXFileReference; lastKnownFileType = folder.assetcatalog; path = "Preview Assets.xcassets"; sourceTree = "<group>"; };
		B4A48C512D8E0E74008484E2 /* Assets.xcassets */ = {isa = PBXFileReference; lastKnownFileType = folder.assetcatalog; path = Assets.xcassets; sourceTree = "<group>"; };
		B4A48C522D8E0E74008484E2 /* ECGExport.entitlements */ = {isa = PBXFileReference; lastKnownFileType = text.plist.entitlements; path = ECGExport.entitlements; sourceTree = "<group>"; };
/* End PBXFileReference section */

/* Begin PBXFrameworksBuildPhase section */
		B4A48C1D2D8D8394008484E2 /* Frameworks */ = {
			isa = PBXFrameworksBuildPhase;
			buildActionMask = 2147483647;
			files = (
				B4A48C332D8D83E1008484E2 /* Tabular in Frameworks */,
			);
			runOnlyForDeploymentPostprocessing = 0;
		};
/* End PBXFrameworksBuildPhase section */

/* Begin PBXGroup section */
		B49D19E32E3996EE00841A32 /* Extensions */ = {
			isa = PBXGroup;
			children = (
				B49D19E12E3996E800841A32 /* Descriptions.swift */,
			);
			path = Extensions;
			sourceTree = "<group>";
		};
		B49D3F8D2E3972DF00AB56D0 /* Structures */ = {
			isa = PBXGroup;
			children = (
				B4A48C3F2D8E0E13008484E2 /* Coordinator.swift */,
				B49D3F902E3977F100AB56D0 /* Coordinator + Query.swift */,
			);
			path = Structures;
			sourceTree = "<group>";
		};
		B4A48C172D8D8394008484E2 = {
			isa = PBXGroup;
			children = (
				B4A48C432D8E0E13008484E2 /* ECGExport */,
				B4A48C212D8D8394008484E2 /* Products */,
			);
			sourceTree = "<group>";
		};
		B4A48C212D8D8394008484E2 /* Products */ = {
			isa = PBXGroup;
			children = (
				B4A48C202D8D8394008484E2 /* ECGExport.app */,
			);
			name = Products;
			sourceTree = "<group>";
		};
		B4A48C432D8E0E13008484E2 /* ECGExport */ = {
			isa = PBXGroup;
			children = (
				B4A48C412D8E0E13008484E2 /* App.swift */,
				B4A48C4E2D8E0E3A008484E2 /* Views */,
				B49D3F8D2E3972DF00AB56D0 /* Structures */,
				B49D19E32E3996EE00841A32 /* Extensions */,
				B4A48C532D8E0E74008484E2 /* Assets */,
			);
			path = ECGExport;
			sourceTree = "<group>";
		};
		B4A48C4E2D8E0E3A008484E2 /* Views */ = {
			isa = PBXGroup;
			children = (
				B4A48C3E2D8E0E13008484E2 /* ContentView.swift */,
			);
			path = Views;
			sourceTree = "<group>";
		};
		B4A48C502D8E0E74008484E2 /* Preview Content */ = {
			isa = PBXGroup;
			children = (
				B4A48C4F2D8E0E74008484E2 /* Preview Assets.xcassets */,
			);
			path = "Preview Content";
			sourceTree = "<group>";
		};
		B4A48C532D8E0E74008484E2 /* Assets */ = {
			isa = PBXGroup;
			children = (
				B4A48C502D8E0E74008484E2 /* Preview Content */,
				B4A48C512D8E0E74008484E2 /* Assets.xcassets */,
				B4A48C522D8E0E74008484E2 /* ECGExport.entitlements */,
			);
			path = Assets;
			sourceTree = "<group>";
		};
/* End PBXGroup section */

/* Begin PBXNativeTarget section */
		B4A48C1F2D8D8394008484E2 /* ECGExport */ = {
			isa = PBXNativeTarget;
			buildConfigurationList = B4A48C2E2D8D8396008484E2 /* Build configuration list for PBXNativeTarget "ECGExport" */;
			buildPhases = (
				B4A48C1C2D8D8394008484E2 /* Sources */,
				B4A48C1D2D8D8394008484E2 /* Frameworks */,
				B4A48C1E2D8D8394008484E2 /* Resources */,
			);
			buildRules = (
			);
			dependencies = (
			);
			name = ECGExport;
			packageProductDependencies = (
				B4A48C322D8D83E1008484E2 /* Tabular */,
			);
			productName = ECGExport;
			productReference = B4A48C202D8D8394008484E2 /* ECGExport.app */;
			productType = "com.apple.product-type.application";
		};
/* End PBXNativeTarget section */

/* Begin PBXProject section */
		B4A48C182D8D8394008484E2 /* Project object */ = {
			isa = PBXProject;
			attributes = {
				BuildIndependentTargetsInParallel = 1;
				LastSwiftUpdateCheck = 1620;
				LastUpgradeCheck = 1620;
				TargetAttributes = {
					B4A48C1F2D8D8394008484E2 = {
						CreatedOnToolsVersion = 16.2;
					};
				};
			};
			buildConfigurationList = B4A48C1B2D8D8394008484E2 /* Build configuration list for PBXProject "ECGExport" */;
			developmentRegion = en;
			hasScannedForEncodings = 0;
			knownRegions = (
				en,
				Base,
			);
			mainGroup = B4A48C172D8D8394008484E2;
			minimizedProjectReferenceProxies = 1;
			packageReferences = (
				B4A48C312D8D83E1008484E2 /* XCRemoteSwiftPackageReference "Tabular" */,
			);
			preferredProjectObjectVersion = 77;
			productRefGroup = B4A48C212D8D8394008484E2 /* Products */;
			projectDirPath = "";
			projectRoot = "";
			targets = (
				B4A48C1F2D8D8394008484E2 /* ECGExport */,
			);
		};
/* End PBXProject section */

/* Begin PBXResourcesBuildPhase section */
		B4A48C1E2D8D8394008484E2 /* Resources */ = {
			isa = PBXResourcesBuildPhase;
			buildActionMask = 2147483647;
			files = (
				B4A48C542D8E0E74008484E2 /* Preview Assets.xcassets in Resources */,
				B4A48C552D8E0E74008484E2 /* Assets.xcassets in Resources */,
			);
			runOnlyForDeploymentPostprocessing = 0;
		};
/* End PBXResourcesBuildPhase section */

/* Begin PBXSourcesBuildPhase section */
		B4A48C1C2D8D8394008484E2 /* Sources */ = {
			isa = PBXSourcesBuildPhase;
			buildActionMask = 2147483647;
			files = (
				B4A48C462D8E0E13008484E2 /* ContentView.swift in Sources */,
				B4A48C472D8E0E13008484E2 /* Coordinator.swift in Sources */,
				B49D3F912E3977F500AB56D0 /* Coordinator + Query.swift in Sources */,
				B4A48C482D8E0E13008484E2 /* App.swift in Sources */,
				B49D19E22E3996EA00841A32 /* Descriptions.swift in Sources */,
			);
			runOnlyForDeploymentPostprocessing = 0;
		};
/* End PBXSourcesBuildPhase section */

/* Begin XCBuildConfiguration section */
		B4A48C2C2D8D8396008484E2 /* Debug */ = {
			isa = XCBuildConfiguration;
			buildSettings = {
				ALWAYS_SEARCH_USER_PATHS = NO;
				ASSETCATALOG_COMPILER_GENERATE_SWIFT_ASSET_SYMBOL_EXTENSIONS = YES;
				CLANG_ANALYZER_NONNULL = YES;
				CLANG_ANALYZER_NUMBER_OBJECT_CONVERSION = YES_AGGRESSIVE;
				CLANG_CXX_LANGUAGE_STANDARD = "gnu++20";
				CLANG_ENABLE_MODULES = YES;
				CLANG_ENABLE_OBJC_ARC = YES;
				CLANG_ENABLE_OBJC_WEAK = YES;
				CLANG_WARN_BLOCK_CAPTURE_AUTORELEASING = YES;
				CLANG_WARN_BOOL_CONVERSION = YES;
				CLANG_WARN_COMMA = YES;
				CLANG_WARN_CONSTANT_CONVERSION = YES;
				CLANG_WARN_DEPRECATED_OBJC_IMPLEMENTATIONS = YES;
				CLANG_WARN_DIRECT_OBJC_ISA_USAGE = YES_ERROR;
				CLANG_WARN_DOCUMENTATION_COMMENTS = YES;
				CLANG_WARN_EMPTY_BODY = YES;
				CLANG_WARN_ENUM_CONVERSION = YES;
				CLANG_WARN_INFINITE_RECURSION = YES;
				CLANG_WARN_INT_CONVERSION = YES;
				CLANG_WARN_NON_LITERAL_NULL_CONVERSION = YES;
				CLANG_WARN_OBJC_IMPLICIT_RETAIN_SELF = YES;
				CLANG_WARN_OBJC_LITERAL_CONVERSION = YES;
				CLANG_WARN_OBJC_ROOT_CLASS = YES_ERROR;
				CLANG_WARN_QUOTED_INCLUDE_IN_FRAMEWORK_HEADER = YES;
				CLANG_WARN_RANGE_LOOP_ANALYSIS = YES;
				CLANG_WARN_STRICT_PROTOTYPES = YES;
				CLANG_WARN_SUSPICIOUS_MOVE = YES;
				CLANG_WARN_UNGUARDED_AVAILABILITY = YES_AGGRESSIVE;
				CLANG_WARN_UNREACHABLE_CODE = YES;
				CLANG_WARN__DUPLICATE_METHOD_MATCH = YES;
				COPY_PHASE_STRIP = NO;
				DEBUG_INFORMATION_FORMAT = dwarf;
				ENABLE_STRICT_OBJC_MSGSEND = YES;
				ENABLE_TESTABILITY = YES;
				ENABLE_USER_SCRIPT_SANDBOXING = YES;
				GCC_C_LANGUAGE_STANDARD = gnu17;
				GCC_DYNAMIC_NO_PIC = NO;
				GCC_NO_COMMON_BLOCKS = YES;
				GCC_OPTIMIZATION_LEVEL = 0;
				GCC_PREPROCESSOR_DEFINITIONS = (
					"DEBUG=1",
					"$(inherited)",
				);
				GCC_WARN_64_TO_32_BIT_CONVERSION = YES;
				GCC_WARN_ABOUT_RETURN_TYPE = YES_ERROR;
				GCC_WARN_UNDECLARED_SELECTOR = YES;
				GCC_WARN_UNINITIALIZED_AUTOS = YES_AGGRESSIVE;
				GCC_WARN_UNUSED_FUNCTION = YES;
				GCC_WARN_UNUSED_VARIABLE = YES;
				IPHONEOS_DEPLOYMENT_TARGET = 18.2;
				LOCALIZATION_PREFERS_STRING_CATALOGS = YES;
				MTL_ENABLE_DEBUG_INFO = INCLUDE_SOURCE;
				MTL_FAST_MATH = YES;
				ONLY_ACTIVE_ARCH = YES;
				SDKROOT = iphoneos;
				SWIFT_ACTIVE_COMPILATION_CONDITIONS = "DEBUG $(inherited)";
				SWIFT_OPTIMIZATION_LEVEL = "-Onone";
			};
			name = Debug;
		};
		B4A48C2D2D8D8396008484E2 /* Release */ = {
			isa = XCBuildConfiguration;
			buildSettings = {
				ALWAYS_SEARCH_USER_PATHS = NO;
				ASSETCATALOG_COMPILER_GENERATE_SWIFT_ASSET_SYMBOL_EXTENSIONS = YES;
				CLANG_ANALYZER_NONNULL = YES;
				CLANG_ANALYZER_NUMBER_OBJECT_CONVERSION = YES_AGGRESSIVE;
				CLANG_CXX_LANGUAGE_STANDARD = "gnu++20";
				CLANG_ENABLE_MODULES = YES;
				CLANG_ENABLE_OBJC_ARC = YES;
				CLANG_ENABLE_OBJC_WEAK = YES;
				CLANG_WARN_BLOCK_CAPTURE_AUTORELEASING = YES;
				CLANG_WARN_BOOL_CONVERSION = YES;
				CLANG_WARN_COMMA = YES;
				CLANG_WARN_CONSTANT_CONVERSION = YES;
				CLANG_WARN_DEPRECATED_OBJC_IMPLEMENTATIONS = YES;
				CLANG_WARN_DIRECT_OBJC_ISA_USAGE = YES_ERROR;
				CLANG_WARN_DOCUMENTATION_COMMENTS = YES;
				CLANG_WARN_EMPTY_BODY = YES;
				CLANG_WARN_ENUM_CONVERSION = YES;
				CLANG_WARN_INFINITE_RECURSION = YES;
				CLANG_WARN_INT_CONVERSION = YES;
				CLANG_WARN_NON_LITERAL_NULL_CONVERSION = YES;
				CLANG_WARN_OBJC_IMPLICIT_RETAIN_SELF = YES;
				CLANG_WARN_OBJC_LITERAL_CONVERSION = YES;
				CLANG_WARN_OBJC_ROOT_CLASS = YES_ERROR;
				CLANG_WARN_QUOTED_INCLUDE_IN_FRAMEWORK_HEADER = YES;
				CLANG_WARN_RANGE_LOOP_ANALYSIS = YES;
				CLANG_WARN_STRICT_PROTOTYPES = YES;
				CLANG_WARN_SUSPICIOUS_MOVE = YES;
				CLANG_WARN_UNGUARDED_AVAILABILITY = YES_AGGRESSIVE;
				CLANG_WARN_UNREACHABLE_CODE = YES;
				CLANG_WARN__DUPLICATE_METHOD_MATCH = YES;
				COPY_PHASE_STRIP = NO;
				DEBUG_INFORMATION_FORMAT = "dwarf-with-dsym";
				ENABLE_NS_ASSERTIONS = NO;
				ENABLE_STRICT_OBJC_MSGSEND = YES;
				ENABLE_USER_SCRIPT_SANDBOXING = YES;
				GCC_C_LANGUAGE_STANDARD = gnu17;
				GCC_NO_COMMON_BLOCKS = YES;
				GCC_WARN_64_TO_32_BIT_CONVERSION = YES;
				GCC_WARN_ABOUT_RETURN_TYPE = YES_ERROR;
				GCC_WARN_UNDECLARED_SELECTOR = YES;
				GCC_WARN_UNINITIALIZED_AUTOS = YES_AGGRESSIVE;
				GCC_WARN_UNUSED_FUNCTION = YES;
				GCC_WARN_UNUSED_VARIABLE = YES;
				IPHONEOS_DEPLOYMENT_TARGET = 18.2;
				LOCALIZATION_PREFERS_STRING_CATALOGS = YES;
				MTL_ENABLE_DEBUG_INFO = NO;
				MTL_FAST_MATH = YES;
				SDKROOT = iphoneos;
				SWIFT_COMPILATION_MODE = wholemodule;
				VALIDATE_PRODUCT = YES;
			};
			name = Release;
		};
		B4A48C2F2D8D8396008484E2 /* Debug */ = {
			isa = XCBuildConfiguration;
			buildSettings = {
				ASSETCATALOG_COMPILER_APPICON_NAME = AppIcon;
				ASSETCATALOG_COMPILER_GLOBAL_ACCENT_COLOR_NAME = AccentColor;
				CODE_SIGN_ENTITLEMENTS = ECGExport/Assets/ECGExport.entitlements;
				CODE_SIGN_STYLE = Automatic;
				CURRENT_PROJECT_VERSION = 2;
				DEVELOPMENT_ASSET_PATHS = "\"ECGExport/Assets/Preview Content\"";
				DEVELOPMENT_TEAM = UJK52W4D7G;
				ENABLE_PREVIEWS = YES;
				GENERATE_INFOPLIST_FILE = YES;
				INFOPLIST_KEY_NSHealthShareUsageDescription = "We use the ECG data to export such data";
				INFOPLIST_KEY_NSHealthUpdateUsageDescription = "We use the ECG data to export such data";
				INFOPLIST_KEY_UIApplicationSceneManifest_Generation = YES;
				INFOPLIST_KEY_UIApplicationSupportsIndirectInputEvents = YES;
				INFOPLIST_KEY_UILaunchScreen_Generation = YES;
				INFOPLIST_KEY_UISupportedInterfaceOrientations_iPad = "UIInterfaceOrientationPortrait UIInterfaceOrientationPortraitUpsideDown UIInterfaceOrientationLandscapeLeft UIInterfaceOrientationLandscapeRight";
				INFOPLIST_KEY_UISupportedInterfaceOrientations_iPhone = "UIInterfaceOrientationPortrait UIInterfaceOrientationLandscapeLeft UIInterfaceOrientationLandscapeRight";
				INFOPLIST_KEY_UISupportsDocumentBrowser = YES;
				IPHONEOS_DEPLOYMENT_TARGET = 18.0;
				LD_RUNPATH_SEARCH_PATHS = (
					"$(inherited)",
					"@executable_path/Frameworks",
				);
				MARKETING_VERSION = 1.1;
				PRODUCT_BUNDLE_IDENTIFIER = Vaida.app.ECGExport;
				PRODUCT_NAME = "$(TARGET_NAME)";
				SWIFT_EMIT_LOC_STRINGS = YES;
				SWIFT_VERSION = 5.0;
				TARGETED_DEVICE_FAMILY = "1,2";
			};
			name = Debug;
		};
		B4A48C302D8D8396008484E2 /* Release */ = {
			isa = XCBuildConfiguration;
			buildSettings = {
				ASSETCATALOG_COMPILER_APPICON_NAME = AppIcon;
				ASSETCATALOG_COMPILER_GLOBAL_ACCENT_COLOR_NAME = AccentColor;
				CODE_SIGN_ENTITLEMENTS = ECGExport/Assets/ECGExport.entitlements;
				CODE_SIGN_STYLE = Automatic;
				CURRENT_PROJECT_VERSION = 2;
				DEVELOPMENT_ASSET_PATHS = "\"ECGExport/Assets/Preview Content\"";
				DEVELOPMENT_TEAM = UJK52W4D7G;
				ENABLE_PREVIEWS = YES;
				GENERATE_INFOPLIST_FILE = YES;
				INFOPLIST_KEY_NSHealthShareUsageDescription = "We use the ECG data to export such data";
				INFOPLIST_KEY_NSHealthUpdateUsageDescription = "We use the ECG data to export such data";
				INFOPLIST_KEY_UIApplicationSceneManifest_Generation = YES;
				INFOPLIST_KEY_UIApplicationSupportsIndirectInputEvents = YES;
				INFOPLIST_KEY_UILaunchScreen_Generation = YES;
				INFOPLIST_KEY_UISupportedInterfaceOrientations_iPad = "UIInterfaceOrientationPortrait UIInterfaceOrientationPortraitUpsideDown UIInterfaceOrientationLandscapeLeft UIInterfaceOrientationLandscapeRight";
				INFOPLIST_KEY_UISupportedInterfaceOrientations_iPhone = "UIInterfaceOrientationPortrait UIInterfaceOrientationLandscapeLeft UIInterfaceOrientationLandscapeRight";
				INFOPLIST_KEY_UISupportsDocumentBrowser = YES;
				IPHONEOS_DEPLOYMENT_TARGET = 18.0;
				LD_RUNPATH_SEARCH_PATHS = (
					"$(inherited)",
					"@executable_path/Frameworks",
				);
				MARKETING_VERSION = 1.1;
				PRODUCT_BUNDLE_IDENTIFIER = Vaida.app.ECGExport;
				PRODUCT_NAME = "$(TARGET_NAME)";
				SWIFT_EMIT_LOC_STRINGS = YES;
				SWIFT_VERSION = 5.0;
				TARGETED_DEVICE_FAMILY = "1,2";
			};
			name = Release;
		};
/* End XCBuildConfiguration section */

/* Begin XCConfigurationList section */
		B4A48C1B2D8D8394008484E2 /* Build configuration list for PBXProject "ECGExport" */ = {
			isa = XCConfigurationList;
			buildConfigurations = (
				B4A48C2C2D8D8396008484E2 /* Debug */,
				B4A48C2D2D8D8396008484E2 /* Release */,
			);
			defaultConfigurationIsVisible = 0;
			defaultConfigurationName = Release;
		};
		B4A48C2E2D8D8396008484E2 /* Build configuration list for PBXNativeTarget "ECGExport" */ = {
			isa = XCConfigurationList;
			buildConfigurations = (
				B4A48C2F2D8D8396008484E2 /* Debug */,
				B4A48C302D8D8396008484E2 /* Release */,
			);
			defaultConfigurationIsVisible = 0;
			defaultConfigurationName = Release;
		};
/* End XCConfigurationList section */

/* Begin XCRemoteSwiftPackageReference section */
		B4A48C312D8D83E1008484E2 /* XCRemoteSwiftPackageReference "Tabular" */ = {
			isa = XCRemoteSwiftPackageReference;
			repositoryURL = "https://github.com/Vaida12345/Tabular";
			requirement = {
				branch = main;
				kind = branch;
			};
		};
/* End XCRemoteSwiftPackageReference section */

/* Begin XCSwiftPackageProductDependency section */
		B4A48C322D8D83E1008484E2 /* Tabular */ = {
			isa = XCSwiftPackageProductDependency;
			package = B4A48C312D8D83E1008484E2 /* XCRemoteSwiftPackageReference "Tabular" */;
			productName = Tabular;
		};
/* End XCSwiftPackageProductDependency section */
	};
	rootObject = B4A48C182D8D8394008484E2 /* Project object */;
}
